{
  "name": "igpop-example",
  "version": "1.0.0",
  "lockfileVersion": 1,
  "requires": true,
  "dependencies": {
    "igpop": {
      "version": "0.0.2-SNAPSHOT8",
      "resolved": "https://registry.npmjs.org/igpop/-/igpop-0.0.2-SNAPSHOT8.tgz",
      "integrity": "sha512-sgFOlriUaSHMpMEkE5uH+Bdxc5BbRtdTMgRcim01UoD4YW60GiYhYvrQTgCdJ5nGKeSUh+FTo6lKSr1eGTtwfQ=="
    },
    "igpop-fhir-4.0.0": {
      "version": "0.0.2-rc5",
      "resolved": "https://registry.npmjs.org/igpop-fhir-4.0.0/-/igpop-fhir-4.0.0-0.0.2-rc5.tgz",
      "integrity": "sha512-c/jmYkSDmCL5iH85by2bP0hZTNvj1Abc8R52Lt30t6rGMKhLNht4AXO7hkwE7z/gSM1fRv5vFSZ7N2REogOzkg=="
    }
  }
}
