{
  "name": "igpop-example",
  "version": "1.0.0",
  "lockfileVersion": 1,
  "requires": true,
  "dependencies": {
    "igpop": {
      "version": "0.2.0",
      "resolved": "https://registry.npmjs.org/igpop/-/igpop-0.2.0.tgz",
      "integrity": "sha512-y5L0MHPdFb77bDIojd1imUpF88B/ioMzxIwZqNeP3+IEFvW5K4xw0CHtLftXGapH3YZf31xGO0ymmH6s6e+ANA=="
    },
    "igpop-fhir-4.0.0": {
      "version": "0.0.2-rc5",
      "resolved": "https://registry.npmjs.org/igpop-fhir-4.0.0/-/igpop-fhir-4.0.0-0.0.2-rc5.tgz",
      "integrity": "sha512-c/jmYkSDmCL5iH85by2bP0hZTNvj1Abc8R52Lt30t6rGMKhLNht4AXO7hkwE7z/gSM1fRv5vFSZ7N2REogOzkg=="
    }
  }
}
